
Microsoft Visual Studio Solution File, Format Version 12.00
# Visual Studio Version 17
VisualStudioVersion = 17.2.32616.157
MinimumVisualStudioVersion = 10.0.40219.1
Project("{FAE04EC0-301F-11D3-BF4B-00C04F79EFBC}") = "ExemploBanco", "ExemploBanco\ExemploBanco.csproj", "{0CD35572-3BDA-471C-8703-88164DD660FD}"
EndProject
Project("{FAE04EC0-301F-11D3-BF4B-00C04F79EFBC}") = "ExemploEscola", "ExemploEscola\ExemploEscola.csproj", "{562C3894-1E61-4ADA-A879-2A2AB9C00C2B}"
EndProject
Project("{FAE04EC0-301F-11D3-BF4B-00C04F79EFBC}") = "CalcularArea", "CalcularArea\CalcularArea.csproj", "{4E0C1F78-3C60-4EF7-BEB0-A797C59FA96B}"
EndProject
Project("{FAE04EC0-301F-11D3-BF4B-00C04F79EFBC}") = "SimuladorUrnaEletronica", "SimuladorUrnaEletronica\SimuladorUrnaEletronica.csproj", "{8D0ACA1F-4583-494B-A863-25D42D2B852B}"
EndProject
Project("{FAE04EC0-301F-11D3-BF4B-00C04F79EFBC}") = "SimuladorBombaDeCombustivel", "SimuladorBombaDeCombustivel\SimuladorBombaDeCombustivel.csproj", "{8E01E0CA-119B-4CF2-BF4D-768E206690CE}"
EndProject
Project("{FAE04EC0-301F-11D3-BF4B-00C04F79EFBC}") = "SImuladorPessoa", "SImuladorPessoa\SImuladorPessoa.csproj", "{4F823BC7-6910-400D-A2FE-486DB42BF679}"
EndProject
Project("{FAE04EC0-301F-11D3-BF4B-00C04F79EFBC}") = "FormasGeometricas", "FormasGeometricas\FormasGeometricas.csproj", "{2450867C-1717-40AA-806A-99608B67A562}"
EndProject
Global
	GlobalSection(SolutionConfigurationPlatforms) = preSolution
		Debug|Any CPU = Debug|Any CPU
		Release|Any CPU = Release|Any CPU
	EndGlobalSection
	GlobalSection(ProjectConfigurationPlatforms) = postSolution
		{0CD35572-3BDA-471C-8703-88164DD660FD}.Debug|Any CPU.ActiveCfg = Debug|Any CPU
		{0CD35572-3BDA-471C-8703-88164DD660FD}.Debug|Any CPU.Build.0 = Debug|Any CPU
		{0CD35572-3BDA-471C-8703-88164DD660FD}.Release|Any CPU.ActiveCfg = Release|Any CPU
		{0CD35572-3BDA-471C-8703-88164DD660FD}.Release|Any CPU.Build.0 = Release|Any CPU
		{562C3894-1E61-4ADA-A879-2A2AB9C00C2B}.Debug|Any CPU.ActiveCfg = Debug|Any CPU
		{562C3894-1E61-4ADA-A879-2A2AB9C00C2B}.Debug|Any CPU.Build.0 = Debug|Any CPU
		{562C3894-1E61-4ADA-A879-2A2AB9C00C2B}.Release|Any CPU.ActiveCfg = Release|Any CPU
		{562C3894-1E61-4ADA-A879-2A2AB9C00C2B}.Release|Any CPU.Build.0 = Release|Any CPU
		{4E0C1F78-3C60-4EF7-BEB0-A797C59FA96B}.Debug|Any CPU.ActiveCfg = Debug|Any CPU
		{4E0C1F78-3C60-4EF7-BEB0-A797C59FA96B}.Debug|Any CPU.Build.0 = Debug|Any CPU
		{4E0C1F78-3C60-4EF7-BEB0-A797C59FA96B}.Release|Any CPU.ActiveCfg = Release|Any CPU
		{4E0C1F78-3C60-4EF7-BEB0-A797C59FA96B}.Release|Any CPU.Build.0 = Release|Any CPU
		{8D0ACA1F-4583-494B-A863-25D42D2B852B}.Debug|Any CPU.ActiveCfg = Debug|Any CPU
		{8D0ACA1F-4583-494B-A863-25D42D2B852B}.Debug|Any CPU.Build.0 = Debug|Any CPU
		{8D0ACA1F-4583-494B-A863-25D42D2B852B}.Release|Any CPU.ActiveCfg = Release|Any CPU
		{8D0ACA1F-4583-494B-A863-25D42D2B852B}.Release|Any CPU.Build.0 = Release|Any CPU
		{8E01E0CA-119B-4CF2-BF4D-768E206690CE}.Debug|Any CPU.ActiveCfg = Debug|Any CPU
		{8E01E0CA-119B-4CF2-BF4D-768E206690CE}.Debug|Any CPU.Build.0 = Debug|Any CPU
		{8E01E0CA-119B-4CF2-BF4D-768E206690CE}.Release|Any CPU.ActiveCfg = Release|Any CPU
		{8E01E0CA-119B-4CF2-BF4D-768E206690CE}.Release|Any CPU.Build.0 = Release|Any CPU
		{4F823BC7-6910-400D-A2FE-486DB42BF679}.Debug|Any CPU.ActiveCfg = Debug|Any CPU
		{4F823BC7-6910-400D-A2FE-486DB42BF679}.Debug|Any CPU.Build.0 = Debug|Any CPU
		{4F823BC7-6910-400D-A2FE-486DB42BF679}.Release|Any CPU.ActiveCfg = Release|Any CPU
		{4F823BC7-6910-400D-A2FE-486DB42BF679}.Release|Any CPU.Build.0 = Release|Any CPU
		{2450867C-1717-40AA-806A-99608B67A562}.Debug|Any CPU.ActiveCfg = Debug|Any CPU
		{2450867C-1717-40AA-806A-99608B67A562}.Debug|Any CPU.Build.0 = Debug|Any CPU
		{2450867C-1717-40AA-806A-99608B67A562}.Release|Any CPU.ActiveCfg = Release|Any CPU
		{2450867C-1717-40AA-806A-99608B67A562}.Release|Any CPU.Build.0 = Release|Any CPU
	EndGlobalSection
	GlobalSection(SolutionProperties) = preSolution
		HideSolutionNode = FALSE
	EndGlobalSection
	GlobalSection(ExtensibilityGlobals) = postSolution
		SolutionGuid = {90C79ED3-2778-4E02-9842-2BF662F3254D}
	EndGlobalSection
EndGlobal
